// !$*UTF8*$!
{
	archiveVersion = 1;
	classes = {
	};
	objectVersion = 56;
	objects = {

/* Begin PBXBuildFile section */
		183FC0FB2B146EBE00C52015 /* AppDelegate.swift in Sources */ = {isa = PBXBuildFile; fileRef = 183FC0FA2B146EBE00C52015 /* AppDelegate.swift */; };
		183FC0FD2B146EBE00C52015 /* SceneDelegate.swift in Sources */ = {isa = PBXBuildFile; fileRef = 183FC0FC2B146EBE00C52015 /* SceneDelegate.swift */; };
		183FC0FF2B146EBE00C52015 /* HomePage.swift in Sources */ = {isa = PBXBuildFile; fileRef = 183FC0FE2B146EBE00C52015 /* HomePage.swift */; };
		183FC1022B146EBE00C52015 /* Main.storyboard in Resources */ = {isa = PBXBuildFile; fileRef = 183FC1002B146EBE00C52015 /* Main.storyboard */; };
		183FC1042B146EC100C52015 /* Assets.xcassets in Resources */ = {isa = PBXBuildFile; fileRef = 183FC1032B146EC100C52015 /* Assets.xcassets */; };
		183FC1072B146EC100C52015 /* LaunchScreen.storyboard in Resources */ = {isa = PBXBuildFile; fileRef = 183FC1052B146EC100C52015 /* LaunchScreen.storyboard */; };
		183FC1182B14B66600C52015 /* UserRegisterPage.swift in Sources */ = {isa = PBXBuildFile; fileRef = 183FC1172B14B66600C52015 /* UserRegisterPage.swift */; };
		183FC11A2B14B67800C52015 /* UserDetailPage.swift in Sources */ = {isa = PBXBuildFile; fileRef = 183FC1192B14B67800C52015 /* UserDetailPage.swift */; };
		183FC11C2B14B71700C52015 /* UserCell.swift in Sources */ = {isa = PBXBuildFile; fileRef = 183FC11B2B14B71700C52015 /* UserCell.swift */; };
		183FC11E2B14B75100C52015 /* HomePageViewModel.swift in Sources */ = {isa = PBXBuildFile; fileRef = 183FC11D2B14B75100C52015 /* HomePageViewModel.swift */; };
		183FC1202B14B76D00C52015 /* UserRegisterPageViewModel.swift in Sources */ = {isa = PBXBuildFile; fileRef = 183FC11F2B14B76D00C52015 /* UserRegisterPageViewModel.swift */; };
		183FC1222B14B78600C52015 /* UserDetailPageViewModel.swift in Sources */ = {isa = PBXBuildFile; fileRef = 183FC1212B14B78600C52015 /* UserDetailPageViewModel.swift */; };
		183FC1242B14B7D100C52015 /* UsersDaoRepository.swift in Sources */ = {isa = PBXBuildFile; fileRef = 183FC1232B14B7D100C52015 /* UsersDaoRepository.swift */; };
		183FC1262B14B7DD00C52015 /* User.swift in Sources */ = {isa = PBXBuildFile; fileRef = 183FC1252B14B7DD00C52015 /* User.swift */; };
		183FC1332B15F98B00C52015 /* FMDatabaseQueue.m in Sources */ = {isa = PBXBuildFile; fileRef = 183FC1282B15F98B00C52015 /* FMDatabaseQueue.m */; };
		183FC1342B15F98B00C52015 /* FMResultSet.m in Sources */ = {isa = PBXBuildFile; fileRef = 183FC12B2B15F98B00C52015 /* FMResultSet.m */; };
		183FC1352B15F98B00C52015 /* FMDatabase.m in Sources */ = {isa = PBXBuildFile; fileRef = 183FC12E2B15F98B00C52015 /* FMDatabase.m */; };
		183FC1362B15F98B00C52015 /* FMDatabaseAdditions.m in Sources */ = {isa = PBXBuildFile; fileRef = 183FC1302B15F98B00C52015 /* FMDatabaseAdditions.m */; };
		183FC1372B15F98B00C52015 /* FMDatabasePool.m in Sources */ = {isa = PBXBuildFile; fileRef = 183FC1312B15F98B00C52015 /* FMDatabasePool.m */; };
		183FC13C2B15FC6E00C52015 /* RxSwift in Frameworks */ = {isa = PBXBuildFile; productRef = 183FC13B2B15FC6E00C52015 /* RxSwift */; };
		183FC13E2B15FE3F00C52015 /* users.sqlite in Resources */ = {isa = PBXBuildFile; fileRef = 183FC13D2B15FE3F00C52015 /* users.sqlite */; };
/* End PBXBuildFile section */

/* Begin PBXFileReference section */
		183FC0F72B146EBE00C52015 /* toDoAppCRUD_MVVM.app */ = {isa = PBXFileReference; explicitFileType = wrapper.application; includeInIndex = 0; path = toDoAppCRUD_MVVM.app; sourceTree = BUILT_PRODUCTS_DIR; };
		183FC0FA2B146EBE00C52015 /* AppDelegate.swift */ = {isa = PBXFileReference; lastKnownFileType = sourcecode.swift; path = AppDelegate.swift; sourceTree = "<group>"; };
		183FC0FC2B146EBE00C52015 /* SceneDelegate.swift */ = {isa = PBXFileReference; lastKnownFileType = sourcecode.swift; path = SceneDelegate.swift; sourceTree = "<group>"; };
		183FC0FE2B146EBE00C52015 /* HomePage.swift */ = {isa = PBXFileReference; lastKnownFileType = sourcecode.swift; path = HomePage.swift; sourceTree = "<group>"; };
		183FC1012B146EBE00C52015 /* Base */ = {isa = PBXFileReference; lastKnownFileType = file.storyboard; name = Base; path = Base.lproj/Main.storyboard; sourceTree = "<group>"; };
		183FC1032B146EC100C52015 /* Assets.xcassets */ = {isa = PBXFileReference; lastKnownFileType = folder.assetcatalog; path = Assets.xcassets; sourceTree = "<group>"; };
		183FC1062B146EC100C52015 /* Base */ = {isa = PBXFileReference; lastKnownFileType = file.storyboard; name = Base; path = Base.lproj/LaunchScreen.storyboard; sourceTree = "<group>"; };
		183FC1082B146EC100C52015 /* Info.plist */ = {isa = PBXFileReference; lastKnownFileType = text.plist.xml; path = Info.plist; sourceTree = "<group>"; };
		183FC1172B14B66600C52015 /* UserRegisterPage.swift */ = {isa = PBXFileReference; lastKnownFileType = sourcecode.swift; path = UserRegisterPage.swift; sourceTree = "<group>"; };
		183FC1192B14B67800C52015 /* UserDetailPage.swift */ = {isa = PBXFileReference; lastKnownFileType = sourcecode.swift; path = UserDetailPage.swift; sourceTree = "<group>"; };
		183FC11B2B14B71700C52015 /* UserCell.swift */ = {isa = PBXFileReference; lastKnownFileType = sourcecode.swift; path = UserCell.swift; sourceTree = "<group>"; };
		183FC11D2B14B75100C52015 /* HomePageViewModel.swift */ = {isa = PBXFileReference; lastKnownFileType = sourcecode.swift; path = HomePageViewModel.swift; sourceTree = "<group>"; };
		183FC11F2B14B76D00C52015 /* UserRegisterPageViewModel.swift */ = {isa = PBXFileReference; lastKnownFileType = sourcecode.swift; path = UserRegisterPageViewModel.swift; sourceTree = "<group>"; };
		183FC1212B14B78600C52015 /* UserDetailPageViewModel.swift */ = {isa = PBXFileReference; lastKnownFileType = sourcecode.swift; path = UserDetailPageViewModel.swift; sourceTree = "<group>"; };
		183FC1232B14B7D100C52015 /* UsersDaoRepository.swift */ = {isa = PBXFileReference; lastKnownFileType = sourcecode.swift; path = UsersDaoRepository.swift; sourceTree = "<group>"; };
		183FC1252B14B7DD00C52015 /* User.swift */ = {isa = PBXFileReference; lastKnownFileType = sourcecode.swift; path = User.swift; sourceTree = "<group>"; };
		183FC1272B15F98A00C52015 /* toDoAppCRUD_MVVM-Bridging-Header.h */ = {isa = PBXFileReference; lastKnownFileType = sourcecode.c.h; path = "toDoAppCRUD_MVVM-Bridging-Header.h"; sourceTree = "<group>"; };
		183FC1282B15F98B00C52015 /* FMDatabaseQueue.m */ = {isa = PBXFileReference; fileEncoding = 4; lastKnownFileType = sourcecode.c.objc; path = FMDatabaseQueue.m; sourceTree = "<group>"; };
		183FC1292B15F98B00C52015 /* FMResultSet.h */ = {isa = PBXFileReference; fileEncoding = 4; lastKnownFileType = sourcecode.c.h; path = FMResultSet.h; sourceTree = "<group>"; };
		183FC12A2B15F98B00C52015 /* FMDatabase.h */ = {isa = PBXFileReference; fileEncoding = 4; lastKnownFileType = sourcecode.c.h; path = FMDatabase.h; sourceTree = "<group>"; };
		183FC12B2B15F98B00C52015 /* FMResultSet.m */ = {isa = PBXFileReference; fileEncoding = 4; lastKnownFileType = sourcecode.c.objc; path = FMResultSet.m; sourceTree = "<group>"; };
		183FC12C2B15F98B00C52015 /* FMDB.h */ = {isa = PBXFileReference; fileEncoding = 4; lastKnownFileType = sourcecode.c.h; path = FMDB.h; sourceTree = "<group>"; };
		183FC12D2B15F98B00C52015 /* FMDatabasePool.h */ = {isa = PBXFileReference; fileEncoding = 4; lastKnownFileType = sourcecode.c.h; path = FMDatabasePool.h; sourceTree = "<group>"; };
		183FC12E2B15F98B00C52015 /* FMDatabase.m */ = {isa = PBXFileReference; fileEncoding = 4; lastKnownFileType = sourcecode.c.objc; path = FMDatabase.m; sourceTree = "<group>"; };
		183FC12F2B15F98B00C52015 /* FMDatabaseQueue.h */ = {isa = PBXFileReference; fileEncoding = 4; lastKnownFileType = sourcecode.c.h; path = FMDatabaseQueue.h; sourceTree = "<group>"; };
		183FC1302B15F98B00C52015 /* FMDatabaseAdditions.m */ = {isa = PBXFileReference; fileEncoding = 4; lastKnownFileType = sourcecode.c.objc; path = FMDatabaseAdditions.m; sourceTree = "<group>"; };
		183FC1312B15F98B00C52015 /* FMDatabasePool.m */ = {isa = PBXFileReference; fileEncoding = 4; lastKnownFileType = sourcecode.c.objc; path = FMDatabasePool.m; sourceTree = "<group>"; };
		183FC1322B15F98B00C52015 /* FMDatabaseAdditions.h */ = {isa = PBXFileReference; fileEncoding = 4; lastKnownFileType = sourcecode.c.h; path = FMDatabaseAdditions.h; sourceTree = "<group>"; };
		183FC13D2B15FE3F00C52015 /* users.sqlite */ = {isa = PBXFileReference; lastKnownFileType = file; path = users.sqlite; sourceTree = "<group>"; };
/* End PBXFileReference section */

/* Begin PBXFrameworksBuildPhase section */
		183FC0F42B146EBE00C52015 /* Frameworks */ = {
			isa = PBXFrameworksBuildPhase;
			buildActionMask = 2147483647;
			files = (
				183FC13C2B15FC6E00C52015 /* RxSwift in Frameworks */,
			);
			runOnlyForDeploymentPostprocessing = 0;
		};
/* End PBXFrameworksBuildPhase section */

/* Begin PBXGroup section */
		183FC0EE2B146EBE00C52015 = {
			isa = PBXGroup;
			children = (
				183FC0F92B146EBE00C52015 /* toDoAppCRUD_MVVM */,
				183FC0F82B146EBE00C52015 /* Products */,
			);
			sourceTree = "<group>";
		};
		183FC0F82B146EBE00C52015 /* Products */ = {
			isa = PBXGroup;
			children = (
				183FC0F72B146EBE00C52015 /* toDoAppCRUD_MVVM.app */,
			);
			name = Products;
			sourceTree = "<group>";
		};
		183FC0F92B146EBE00C52015 /* toDoAppCRUD_MVVM */ = {
			isa = PBXGroup;
			children = (
				183FC0FA2B146EBE00C52015 /* AppDelegate.swift */,
				183FC0FC2B146EBE00C52015 /* SceneDelegate.swift */,
				183FC10F2B146EFF00C52015 /* ui */,
				183FC1132B146F3F00C52015 /* data */,
				183FC1002B146EBE00C52015 /* Main.storyboard */,
				183FC1032B146EC100C52015 /* Assets.xcassets */,
				183FC1052B146EC100C52015 /* LaunchScreen.storyboard */,
				183FC1082B146EC100C52015 /* Info.plist */,
				183FC12A2B15F98B00C52015 /* FMDatabase.h */,
				183FC12E2B15F98B00C52015 /* FMDatabase.m */,
				183FC1322B15F98B00C52015 /* FMDatabaseAdditions.h */,
				183FC1302B15F98B00C52015 /* FMDatabaseAdditions.m */,
				183FC12D2B15F98B00C52015 /* FMDatabasePool.h */,
				183FC1312B15F98B00C52015 /* FMDatabasePool.m */,
				183FC12F2B15F98B00C52015 /* FMDatabaseQueue.h */,
				183FC1282B15F98B00C52015 /* FMDatabaseQueue.m */,
				183FC12C2B15F98B00C52015 /* FMDB.h */,
				183FC1292B15F98B00C52015 /* FMResultSet.h */,
				183FC12B2B15F98B00C52015 /* FMResultSet.m */,
				183FC1272B15F98A00C52015 /* toDoAppCRUD_MVVM-Bridging-Header.h */,
				183FC13D2B15FE3F00C52015 /* users.sqlite */,
			);
			path = toDoAppCRUD_MVVM;
			sourceTree = "<group>";
		};
		183FC10F2B146EFF00C52015 /* ui */ = {
			isa = PBXGroup;
			children = (
				183FC1122B146F2C00C52015 /* views */,
				183FC1162B14755E00C52015 /* tableview */,
				183FC1102B146F0900C52015 /* viewmodel */,
			);
			path = ui;
			sourceTree = "<group>";
		};
		183FC1102B146F0900C52015 /* viewmodel */ = {
			isa = PBXGroup;
			children = (
				183FC11D2B14B75100C52015 /* HomePageViewModel.swift */,
				183FC11F2B14B76D00C52015 /* UserRegisterPageViewModel.swift */,
				183FC1212B14B78600C52015 /* UserDetailPageViewModel.swift */,
			);
			path = viewmodel;
			sourceTree = "<group>";
		};
		183FC1122B146F2C00C52015 /* views */ = {
			isa = PBXGroup;
			children = (
				183FC0FE2B146EBE00C52015 /* HomePage.swift */,
				183FC1172B14B66600C52015 /* UserRegisterPage.swift */,
				183FC1192B14B67800C52015 /* UserDetailPage.swift */,
			);
			path = views;
			sourceTree = "<group>";
		};
		183FC1132B146F3F00C52015 /* data */ = {
			isa = PBXGroup;
			children = (
				183FC1142B14751000C52015 /* repo */,
				183FC1152B14751600C52015 /* entity */,
			);
			path = data;
			sourceTree = "<group>";
		};
		183FC1142B14751000C52015 /* repo */ = {
			isa = PBXGroup;
			children = (
				183FC1232B14B7D100C52015 /* UsersDaoRepository.swift */,
			);
			path = repo;
			sourceTree = "<group>";
		};
		183FC1152B14751600C52015 /* entity */ = {
			isa = PBXGroup;
			children = (
				183FC1252B14B7DD00C52015 /* User.swift */,
			);
			path = entity;
			sourceTree = "<group>";
		};
		183FC1162B14755E00C52015 /* tableview */ = {
			isa = PBXGroup;
			children = (
				183FC11B2B14B71700C52015 /* UserCell.swift */,
			);
			path = tableview;
			sourceTree = "<group>";
		};
/* End PBXGroup section */

/* Begin PBXNativeTarget section */
		183FC0F62B146EBE00C52015 /* toDoAppCRUD_MVVM */ = {
			isa = PBXNativeTarget;
			buildConfigurationList = 183FC10B2B146EC100C52015 /* Build configuration list for PBXNativeTarget "toDoAppCRUD_MVVM" */;
			buildPhases = (
				183FC0F32B146EBE00C52015 /* Sources */,
				183FC0F42B146EBE00C52015 /* Frameworks */,
				183FC0F52B146EBE00C52015 /* Resources */,
			);
			buildRules = (
			);
			dependencies = (
			);
			name = toDoAppCRUD_MVVM;
			packageProductDependencies = (
				183FC13B2B15FC6E00C52015 /* RxSwift */,
			);
			productName = toDoAppCRUD_MVVM;
			productReference = 183FC0F72B146EBE00C52015 /* toDoAppCRUD_MVVM.app */;
			productType = "com.apple.product-type.application";
		};
/* End PBXNativeTarget section */

/* Begin PBXProject section */
		183FC0EF2B146EBE00C52015 /* Project object */ = {
			isa = PBXProject;
			attributes = {
				BuildIndependentTargetsInParallel = 1;
				LastSwiftUpdateCheck = 1430;
				LastUpgradeCheck = 1430;
				TargetAttributes = {
					183FC0F62B146EBE00C52015 = {
						CreatedOnToolsVersion = 14.3;
						LastSwiftMigration = 1430;
					};
				};
			};
			buildConfigurationList = 183FC0F22B146EBE00C52015 /* Build configuration list for PBXProject "toDoAppCRUD_MVVM" */;
			compatibilityVersion = "Xcode 14.0";
			developmentRegion = en;
			hasScannedForEncodings = 0;
			knownRegions = (
				en,
				Base,
			);
			mainGroup = 183FC0EE2B146EBE00C52015;
			packageReferences = (
				183FC13A2B15FC6E00C52015 /* XCRemoteSwiftPackageReference "RxSwift" */,
			);
			productRefGroup = 183FC0F82B146EBE00C52015 /* Products */;
			projectDirPath = "";
			projectRoot = "";
			targets = (
				183FC0F62B146EBE00C52015 /* toDoAppCRUD_MVVM */,
			);
		};
/* End PBXProject section */

/* Begin PBXResourcesBuildPhase section */
		183FC0F52B146EBE00C52015 /* Resources */ = {
			isa = PBXResourcesBuildPhase;
			buildActionMask = 2147483647;
			files = (
				183FC1072B146EC100C52015 /* LaunchScreen.storyboard in Resources */,
				183FC1042B146EC100C52015 /* Assets.xcassets in Resources */,
				183FC13E2B15FE3F00C52015 /* users.sqlite in Resources */,
				183FC1022B146EBE00C52015 /* Main.storyboard in Resources */,
			);
			runOnlyForDeploymentPostprocessing = 0;
		};
/* End PBXResourcesBuildPhase section */

/* Begin PBXSourcesBuildPhase section */
		183FC0F32B146EBE00C52015 /* Sources */ = {
			isa = PBXSourcesBuildPhase;
			buildActionMask = 2147483647;
			files = (
				183FC0FF2B146EBE00C52015 /* HomePage.swift in Sources */,
				183FC0FB2B146EBE00C52015 /* AppDelegate.swift in Sources */,
				183FC11E2B14B75100C52015 /* HomePageViewModel.swift in Sources */,
				183FC1352B15F98B00C52015 /* FMDatabase.m in Sources */,
				183FC11C2B14B71700C52015 /* UserCell.swift in Sources */,
				183FC1182B14B66600C52015 /* UserRegisterPage.swift in Sources */,
				183FC1332B15F98B00C52015 /* FMDatabaseQueue.m in Sources */,
				183FC1342B15F98B00C52015 /* FMResultSet.m in Sources */,
				183FC1242B14B7D100C52015 /* UsersDaoRepository.swift in Sources */,
				183FC1222B14B78600C52015 /* UserDetailPageViewModel.swift in Sources */,
				183FC0FD2B146EBE00C52015 /* SceneDelegate.swift in Sources */,
				183FC11A2B14B67800C52015 /* UserDetailPage.swift in Sources */,
				183FC1202B14B76D00C52015 /* UserRegisterPageViewModel.swift in Sources */,
				183FC1372B15F98B00C52015 /* FMDatabasePool.m in Sources */,
				183FC1262B14B7DD00C52015 /* User.swift in Sources */,
				183FC1362B15F98B00C52015 /* FMDatabaseAdditions.m in Sources */,
			);
			runOnlyForDeploymentPostprocessing = 0;
		};
/* End PBXSourcesBuildPhase section */

/* Begin PBXVariantGroup section */
		183FC1002B146EBE00C52015 /* Main.storyboard */ = {
			isa = PBXVariantGroup;
			children = (
				183FC1012B146EBE00C52015 /* Base */,
			);
			name = Main.storyboard;
			sourceTree = "<group>";
		};
		183FC1052B146EC100C52015 /* LaunchScreen.storyboard */ = {
			isa = PBXVariantGroup;
			children = (
				183FC1062B146EC100C52015 /* Base */,
			);
			name = LaunchScreen.storyboard;
			sourceTree = "<group>";
		};
/* End PBXVariantGroup section */

/* Begin XCBuildConfiguration section */
		183FC1092B146EC100C52015 /* Debug */ = {
			isa = XCBuildConfiguration;
			buildSettings = {
				ALWAYS_SEARCH_USER_PATHS = NO;
				CLANG_ANALYZER_NONNULL = YES;
				CLANG_ANALYZER_NUMBER_OBJECT_CONVERSION = YES_AGGRESSIVE;
				CLANG_CXX_LANGUAGE_STANDARD = "gnu++20";
				CLANG_ENABLE_MODULES = YES;
				CLANG_ENABLE_OBJC_ARC = YES;
				CLANG_ENABLE_OBJC_WEAK = YES;
				CLANG_WARN_BLOCK_CAPTURE_AUTORELEASING = YES;
				CLANG_WARN_BOOL_CONVERSION = YES;
				CLANG_WARN_COMMA = YES;
				CLANG_WARN_CONSTANT_CONVERSION = YES;
				CLANG_WARN_DEPRECATED_OBJC_IMPLEMENTATIONS = YES;
				CLANG_WARN_DIRECT_OBJC_ISA_USAGE = YES_ERROR;
				CLANG_WARN_DOCUMENTATION_COMMENTS = YES;
				CLANG_WARN_EMPTY_BODY = YES;
				CLANG_WARN_ENUM_CONVERSION = YES;
				CLANG_WARN_INFINITE_RECURSION = YES;
				CLANG_WARN_INT_CONVERSION = YES;
				CLANG_WARN_NON_LITERAL_NULL_CONVERSION = YES;
				CLANG_WARN_OBJC_IMPLICIT_RETAIN_SELF = YES;
				CLANG_WARN_OBJC_LITERAL_CONVERSION = YES;
				CLANG_WARN_OBJC_ROOT_CLASS = YES_ERROR;
				CLANG_WARN_QUOTED_INCLUDE_IN_FRAMEWORK_HEADER = YES;
				CLANG_WARN_RANGE_LOOP_ANALYSIS = YES;
				CLANG_WARN_STRICT_PROTOTYPES = YES;
				CLANG_WARN_SUSPICIOUS_MOVE = YES;
				CLANG_WARN_UNGUARDED_AVAILABILITY = YES_AGGRESSIVE;
				CLANG_WARN_UNREACHABLE_CODE = YES;
				CLANG_WARN__DUPLICATE_METHOD_MATCH = YES;
				COPY_PHASE_STRIP = NO;
				DEBUG_INFORMATION_FORMAT = dwarf;
				ENABLE_STRICT_OBJC_MSGSEND = YES;
				ENABLE_TESTABILITY = YES;
				GCC_C_LANGUAGE_STANDARD = gnu11;
				GCC_DYNAMIC_NO_PIC = NO;
				GCC_NO_COMMON_BLOCKS = YES;
				GCC_OPTIMIZATION_LEVEL = 0;
				GCC_PREPROCESSOR_DEFINITIONS = (
					"DEBUG=1",
					"$(inherited)",
				);
				GCC_WARN_64_TO_32_BIT_CONVERSION = YES;
				GCC_WARN_ABOUT_RETURN_TYPE = YES_ERROR;
				GCC_WARN_UNDECLARED_SELECTOR = YES;
				GCC_WARN_UNINITIALIZED_AUTOS = YES_AGGRESSIVE;
				GCC_WARN_UNUSED_FUNCTION = YES;
				GCC_WARN_UNUSED_VARIABLE = YES;
				IPHONEOS_DEPLOYMENT_TARGET = 16.4;
				MTL_ENABLE_DEBUG_INFO = INCLUDE_SOURCE;
				MTL_FAST_MATH = YES;
				ONLY_ACTIVE_ARCH = YES;
				SDKROOT = iphoneos;
				SWIFT_ACTIVE_COMPILATION_CONDITIONS = DEBUG;
				SWIFT_OPTIMIZATION_LEVEL = "-Onone";
			};
			name = Debug;
		};
		183FC10A2B146EC100C52015 /* Release */ = {
			isa = XCBuildConfiguration;
			buildSettings = {
				ALWAYS_SEARCH_USER_PATHS = NO;
				CLANG_ANALYZER_NONNULL = YES;
				CLANG_ANALYZER_NUMBER_OBJECT_CONVERSION = YES_AGGRESSIVE;
				CLANG_CXX_LANGUAGE_STANDARD = "gnu++20";
				CLANG_ENABLE_MODULES = YES;
				CLANG_ENABLE_OBJC_ARC = YES;
				CLANG_ENABLE_OBJC_WEAK = YES;
				CLANG_WARN_BLOCK_CAPTURE_AUTORELEASING = YES;
				CLANG_WARN_BOOL_CONVERSION = YES;
				CLANG_WARN_COMMA = YES;
				CLANG_WARN_CONSTANT_CONVERSION = YES;
				CLANG_WARN_DEPRECATED_OBJC_IMPLEMENTATIONS = YES;
				CLANG_WARN_DIRECT_OBJC_ISA_USAGE = YES_ERROR;
				CLANG_WARN_DOCUMENTATION_COMMENTS = YES;
				CLANG_WARN_EMPTY_BODY = YES;
				CLANG_WARN_ENUM_CONVERSION = YES;
				CLANG_WARN_INFINITE_RECURSION = YES;
				CLANG_WARN_INT_CONVERSION = YES;
				CLANG_WARN_NON_LITERAL_NULL_CONVERSION = YES;
				CLANG_WARN_OBJC_IMPLICIT_RETAIN_SELF = YES;
				CLANG_WARN_OBJC_LITERAL_CONVERSION = YES;
				CLANG_WARN_OBJC_ROOT_CLASS = YES_ERROR;
				CLANG_WARN_QUOTED_INCLUDE_IN_FRAMEWORK_HEADER = YES;
				CLANG_WARN_RANGE_LOOP_ANALYSIS = YES;
				CLANG_WARN_STRICT_PROTOTYPES = YES;
				CLANG_WARN_SUSPICIOUS_MOVE = YES;
				CLANG_WARN_UNGUARDED_AVAILABILITY = YES_AGGRESSIVE;
				CLANG_WARN_UNREACHABLE_CODE = YES;
				CLANG_WARN__DUPLICATE_METHOD_MATCH = YES;
				COPY_PHASE_STRIP = NO;
				DEBUG_INFORMATION_FORMAT = "dwarf-with-dsym";
				ENABLE_NS_ASSERTIONS = NO;
				ENABLE_STRICT_OBJC_MSGSEND = YES;
				GCC_C_LANGUAGE_STANDARD = gnu11;
				GCC_NO_COMMON_BLOCKS = YES;
				GCC_WARN_64_TO_32_BIT_CONVERSION = YES;
				GCC_WARN_ABOUT_RETURN_TYPE = YES_ERROR;
				GCC_WARN_UNDECLARED_SELECTOR = YES;
				GCC_WARN_UNINITIALIZED_AUTOS = YES_AGGRESSIVE;
				GCC_WARN_UNUSED_FUNCTION = YES;
				GCC_WARN_UNUSED_VARIABLE = YES;
				IPHONEOS_DEPLOYMENT_TARGET = 16.4;
				MTL_ENABLE_DEBUG_INFO = NO;
				MTL_FAST_MATH = YES;
				SDKROOT = iphoneos;
				SWIFT_COMPILATION_MODE = wholemodule;
				SWIFT_OPTIMIZATION_LEVEL = "-O";
				VALIDATE_PRODUCT = YES;
			};
			name = Release;
		};
		183FC10C2B146EC100C52015 /* Debug */ = {
			isa = XCBuildConfiguration;
			buildSettings = {
				ASSETCATALOG_COMPILER_APPICON_NAME = AppIcon;
				ASSETCATALOG_COMPILER_GLOBAL_ACCENT_COLOR_NAME = AccentColor;
				CLANG_ENABLE_MODULES = YES;
				CODE_SIGN_STYLE = Automatic;
				CURRENT_PROJECT_VERSION = 1;
				DEVELOPMENT_TEAM = NL37G58RSN;
				GENERATE_INFOPLIST_FILE = YES;
				INFOPLIST_FILE = toDoAppCRUD_MVVM/Info.plist;
				INFOPLIST_KEY_UIApplicationSupportsIndirectInputEvents = YES;
				INFOPLIST_KEY_UILaunchStoryboardName = LaunchScreen;
				INFOPLIST_KEY_UIMainStoryboardFile = Main;
				INFOPLIST_KEY_UISupportedInterfaceOrientations_iPad = "UIInterfaceOrientationPortrait UIInterfaceOrientationPortraitUpsideDown UIInterfaceOrientationLandscapeLeft UIInterfaceOrientationLandscapeRight";
				INFOPLIST_KEY_UISupportedInterfaceOrientations_iPhone = "UIInterfaceOrientationPortrait UIInterfaceOrientationLandscapeLeft UIInterfaceOrientationLandscapeRight";
				LD_RUNPATH_SEARCH_PATHS = (
					"$(inherited)",
					"@executable_path/Frameworks",
				);
				MARKETING_VERSION = 1.0;
				PRODUCT_BUNDLE_IDENTIFIER = "com.alptugagca.toDoAppCRUD-MVVM";
				PRODUCT_NAME = "$(TARGET_NAME)";
				SWIFT_EMIT_LOC_STRINGS = YES;
				SWIFT_OBJC_BRIDGING_HEADER = "toDoAppCRUD_MVVM/toDoAppCRUD_MVVM-Bridging-Header.h";
				SWIFT_OPTIMIZATION_LEVEL = "-Onone";
				SWIFT_VERSION = 5.0;
				TARGETED_DEVICE_FAMILY = "1,2";
			};
			name = Debug;
		};
		183FC10D2B146EC100C52015 /* Release */ = {
			isa = XCBuildConfiguration;
			buildSettings = {
				ASSETCATALOG_COMPILER_APPICON_NAME = AppIcon;
				ASSETCATALOG_COMPILER_GLOBAL_ACCENT_COLOR_NAME = AccentColor;
				CLANG_ENABLE_MODULES = YES;
				CODE_SIGN_STYLE = Automatic;
				CURRENT_PROJECT_VERSION = 1;
				DEVELOPMENT_TEAM = NL37G58RSN;
				GENERATE_INFOPLIST_FILE = YES;
				INFOPLIST_FILE = toDoAppCRUD_MVVM/Info.plist;
				INFOPLIST_KEY_UIApplicationSupportsIndirectInputEvents = YES;
				INFOPLIST_KEY_UILaunchStoryboardName = LaunchScreen;
				INFOPLIST_KEY_UIMainStoryboardFile = Main;
				INFOPLIST_KEY_UISupportedInterfaceOrientations_iPad = "UIInterfaceOrientationPortrait UIInterfaceOrientationPortraitUpsideDown UIInterfaceOrientationLandscapeLeft UIInterfaceOrientationLandscapeRight";
				INFOPLIST_KEY_UISupportedInterfaceOrientations_iPhone = "UIInterfaceOrientationPortrait UIInterfaceOrientationLandscapeLeft UIInterfaceOrientationLandscapeRight";
				LD_RUNPATH_SEARCH_PATHS = (
					"$(inherited)",
					"@executable_path/Frameworks",
				);
				MARKETING_VERSION = 1.0;
				PRODUCT_BUNDLE_IDENTIFIER = "com.alptugagca.toDoAppCRUD-MVVM";
				PRODUCT_NAME = "$(TARGET_NAME)";
				SWIFT_EMIT_LOC_STRINGS = YES;
				SWIFT_OBJC_BRIDGING_HEADER = "toDoAppCRUD_MVVM/toDoAppCRUD_MVVM-Bridging-Header.h";
				SWIFT_VERSION = 5.0;
				TARGETED_DEVICE_FAMILY = "1,2";
			};
			name = Release;
		};
/* End XCBuildConfiguration section */

/* Begin XCConfigurationList section */
		183FC0F22B146EBE00C52015 /* Build configuration list for PBXProject "toDoAppCRUD_MVVM" */ = {
			isa = XCConfigurationList;
			buildConfigurations = (
				183FC1092B146EC100C52015 /* Debug */,
				183FC10A2B146EC100C52015 /* Release */,
			);
			defaultConfigurationIsVisible = 0;
			defaultConfigurationName = Release;
		};
		183FC10B2B146EC100C52015 /* Build configuration list for PBXNativeTarget "toDoAppCRUD_MVVM" */ = {
			isa = XCConfigurationList;
			buildConfigurations = (
				183FC10C2B146EC100C52015 /* Debug */,
				183FC10D2B146EC100C52015 /* Release */,
			);
			defaultConfigurationIsVisible = 0;
			defaultConfigurationName = Release;
		};
/* End XCConfigurationList section */

/* Begin XCRemoteSwiftPackageReference section */
		183FC13A2B15FC6E00C52015 /* XCRemoteSwiftPackageReference "RxSwift" */ = {
			isa = XCRemoteSwiftPackageReference;
			repositoryURL = "https://github.com/ReactiveX/RxSwift";
			requirement = {
				kind = upToNextMajorVersion;
				minimumVersion = 6.0.0;
			};
		};
/* End XCRemoteSwiftPackageReference section */

/* Begin XCSwiftPackageProductDependency section */
		183FC13B2B15FC6E00C52015 /* RxSwift */ = {
			isa = XCSwiftPackageProductDependency;
			package = 183FC13A2B15FC6E00C52015 /* XCRemoteSwiftPackageReference "RxSwift" */;
			productName = RxSwift;
		};
/* End XCSwiftPackageProductDependency section */
	};
	rootObject = 183FC0EF2B146EBE00C52015 /* Project object */;
}
